
Microsoft Visual Studio Solution File, Format Version 12.00
# Visual Studio 15
VisualStudioVersion = 15.0.28307.102
MinimumVisualStudioVersion = 10.0.40219.1
Project("{FAE04EC0-301F-11D3-BF4B-00C04F79EFBC}") = "Snippets.Core", "Snippets.Core\Snippets.Core.csproj", "{78ECD9D6-1B18-46AE-BC32-B98BEB72ECC4}"
EndProject
Global
	GlobalSection(SolutionConfigurationPlatforms) = preSolution
		Debug|Any CPU = Debug|Any CPU
		Release|Any CPU = Release|Any CPU
	EndGlobalSection
	GlobalSection(ProjectConfigurationPlatforms) = postSolution
		{78ECD9D6-1B18-46AE-BC32-B98BEB72ECC4}.Debug|Any CPU.ActiveCfg = Debug|Any CPU
		{78ECD9D6-1B18-46AE-BC32-B98BEB72ECC4}.Debug|Any CPU.Build.0 = Debug|Any CPU
		{78ECD9D6-1B18-46AE-BC32-B98BEB72ECC4}.Release|Any CPU.ActiveCfg = Release|Any CPU
		{78ECD9D6-1B18-46AE-BC32-B98BEB72ECC4}.Release|Any CPU.Build.0 = Release|Any CPU
	EndGlobalSection
	GlobalSection(SolutionProperties) = preSolution
		HideSolutionNode = FALSE
	EndGlobalSection
	GlobalSection(ExtensibilityGlobals) = postSolution
		SolutionGuid = {1750ED78-AA37-4E33-95A2-1F884E4C1405}
	EndGlobalSection
EndGlobal
